
Microsoft Visual Studio Solution File, Format Version 12.00
# Visual Studio Version 16
VisualStudioVersion = 16.0.30114.105
MinimumVisualStudioVersion = 10.0.40219.1
Project("{FAE04EC0-301F-11D3-BF4B-00C04F79EFBC}") = "Task1", "Task1\Task1.csproj", "{05C4B4F0-E3B6-4768-9068-1C477C2EB849}"
EndProject
Project("{FAE04EC0-301F-11D3-BF4B-00C04F79EFBC}") = "Task2", "Task2\Task2.csproj", "{E2E8D944-0211-4DD5-BEAE-A4EE0AA3C226}"
EndProject
Global
	GlobalSection(SolutionConfigurationPlatforms) = preSolution
		Debug|Any CPU = Debug|Any CPU
		Debug|x64 = Debug|x64
		Debug|x86 = Debug|x86
		Release|Any CPU = Release|Any CPU
		Release|x64 = Release|x64
		Release|x86 = Release|x86
	EndGlobalSection
	GlobalSection(SolutionProperties) = preSolution
		HideSolutionNode = FALSE
	EndGlobalSection
	GlobalSection(ProjectConfigurationPlatforms) = postSolution
		{05C4B4F0-E3B6-4768-9068-1C477C2EB849}.Debug|Any CPU.ActiveCfg = Debug|Any CPU
		{05C4B4F0-E3B6-4768-9068-1C477C2EB849}.Debug|Any CPU.Build.0 = Debug|Any CPU
		{05C4B4F0-E3B6-4768-9068-1C477C2EB849}.Debug|x64.ActiveCfg = Debug|Any CPU
		{05C4B4F0-E3B6-4768-9068-1C477C2EB849}.Debug|x64.Build.0 = Debug|Any CPU
		{05C4B4F0-E3B6-4768-9068-1C477C2EB849}.Debug|x86.ActiveCfg = Debug|Any CPU
		{05C4B4F0-E3B6-4768-9068-1C477C2EB849}.Debug|x86.Build.0 = Debug|Any CPU
		{05C4B4F0-E3B6-4768-9068-1C477C2EB849}.Release|Any CPU.ActiveCfg = Release|Any CPU
		{05C4B4F0-E3B6-4768-9068-1C477C2EB849}.Release|Any CPU.Build.0 = Release|Any CPU
		{05C4B4F0-E3B6-4768-9068-1C477C2EB849}.Release|x64.ActiveCfg = Release|Any CPU
		{05C4B4F0-E3B6-4768-9068-1C477C2EB849}.Release|x64.Build.0 = Release|Any CPU
		{05C4B4F0-E3B6-4768-9068-1C477C2EB849}.Release|x86.ActiveCfg = Release|Any CPU
		{05C4B4F0-E3B6-4768-9068-1C477C2EB849}.Release|x86.Build.0 = Release|Any CPU
		{E2E8D944-0211-4DD5-BEAE-A4EE0AA3C226}.Debug|Any CPU.ActiveCfg = Debug|Any CPU
		{E2E8D944-0211-4DD5-BEAE-A4EE0AA3C226}.Debug|Any CPU.Build.0 = Debug|Any CPU
		{E2E8D944-0211-4DD5-BEAE-A4EE0AA3C226}.Debug|x64.ActiveCfg = Debug|Any CPU
		{E2E8D944-0211-4DD5-BEAE-A4EE0AA3C226}.Debug|x64.Build.0 = Debug|Any CPU
		{E2E8D944-0211-4DD5-BEAE-A4EE0AA3C226}.Debug|x86.ActiveCfg = Debug|Any CPU
		{E2E8D944-0211-4DD5-BEAE-A4EE0AA3C226}.Debug|x86.Build.0 = Debug|Any CPU
		{E2E8D944-0211-4DD5-BEAE-A4EE0AA3C226}.Release|Any CPU.ActiveCfg = Release|Any CPU
		{E2E8D944-0211-4DD5-BEAE-A4EE0AA3C226}.Release|Any CPU.Build.0 = Release|Any CPU
		{E2E8D944-0211-4DD5-BEAE-A4EE0AA3C226}.Release|x64.ActiveCfg = Release|Any CPU
		{E2E8D944-0211-4DD5-BEAE-A4EE0AA3C226}.Release|x64.Build.0 = Release|Any CPU
		{E2E8D944-0211-4DD5-BEAE-A4EE0AA3C226}.Release|x86.ActiveCfg = Release|Any CPU
		{E2E8D944-0211-4DD5-BEAE-A4EE0AA3C226}.Release|x86.Build.0 = Release|Any CPU
	EndGlobalSection
EndGlobal
